
Microsoft Visual Studio Solution File, Format Version 12.00
# Visual Studio Version 17
VisualStudioVersion = 17.3.32901.215
MinimumVisualStudioVersion = 10.0.40219.1
Project("{FAE04EC0-301F-11D3-BF4B-00C04F79EFBC}") = "CaramelosPaco", "CaramelosPaco\CaramelosPaco.csproj", "{9E3A1FB5-00EA-415D-948D-CDEAEA35F900}"
EndProject
Global
	GlobalSection(SolutionConfigurationPlatforms) = preSolution
		Debug|Any CPU = Debug|Any CPU
		Release|Any CPU = Release|Any CPU
	EndGlobalSection
	GlobalSection(ProjectConfigurationPlatforms) = postSolution
		{9E3A1FB5-00EA-415D-948D-CDEAEA35F900}.Debug|Any CPU.ActiveCfg = Debug|Any CPU
		{9E3A1FB5-00EA-415D-948D-CDEAEA35F900}.Debug|Any CPU.Build.0 = Debug|Any CPU
		{9E3A1FB5-00EA-415D-948D-CDEAEA35F900}.Release|Any CPU.ActiveCfg = Release|Any CPU
		{9E3A1FB5-00EA-415D-948D-CDEAEA35F900}.Release|Any CPU.Build.0 = Release|Any CPU
	EndGlobalSection
	GlobalSection(SolutionProperties) = preSolution
		HideSolutionNode = FALSE
	EndGlobalSection
	GlobalSection(ExtensibilityGlobals) = postSolution
		SolutionGuid = {42ECE8A9-B96F-46B6-A090-B5403FEEA755}
	EndGlobalSection
EndGlobal
